// !$*UTF8*$!
{
	archiveVersion = 1;
	classes = {
	};
	objectVersion = 56;
	objects = {

/* Begin PBXBuildFile section */
		534D467E2F0035C30003732A /* FructusAppApp.swift in Sources */ = {isa = PBXBuildFile; fileRef = 534D467D2F0035C30003732A /* FructusAppApp.swift */; };
		534D46802F0035C30003732A /* ContentView.swift in Sources */ = {isa = PBXBuildFile; fileRef = 534D467F2F0035C30003732A /* ContentView.swift */; };
		534D46822F0035C70003732A /* Assets.xcassets in Resources */ = {isa = PBXBuildFile; fileRef = 534D46812F0035C70003732A /* Assets.xcassets */; };
		534D46852F0035C70003732A /* Preview Assets.xcassets in Resources */ = {isa = PBXBuildFile; fileRef = 534D46842F0035C70003732A /* Preview Assets.xcassets */; };
		534D468E2F004AFE0003732A /* FruitCardView.swift in Sources */ = {isa = PBXBuildFile; fileRef = 534D468D2F004AFE0003732A /* FruitCardView.swift */; };
		534D46902F0059E70003732A /* StartButtonView.swift in Sources */ = {isa = PBXBuildFile; fileRef = 534D468F2F0059E70003732A /* StartButtonView.swift */; };
		534D46922F0065E40003732A /* OnboardingView.swift in Sources */ = {isa = PBXBuildFile; fileRef = 534D46912F0065E40003732A /* OnboardingView.swift */; };
		534D46952F00BE4E0003732A /* FruitModel.swift in Sources */ = {isa = PBXBuildFile; fileRef = 534D46942F00BE4E0003732A /* FruitModel.swift */; };
		534D46982F00BF1E0003732A /* FruitData.swift in Sources */ = {isa = PBXBuildFile; fileRef = 534D46972F00BF1E0003732A /* FruitData.swift */; };
/* End PBXBuildFile section */

/* Begin PBXFileReference section */
		534D467A2F0035C30003732A /* FructusApp.app */ = {isa = PBXFileReference; explicitFileType = wrapper.application; includeInIndex = 0; path = FructusApp.app; sourceTree = BUILT_PRODUCTS_DIR; };
		534D467D2F0035C30003732A /* FructusAppApp.swift */ = {isa = PBXFileReference; lastKnownFileType = sourcecode.swift; path = FructusAppApp.swift; sourceTree = "<group>"; };
		534D467F2F0035C30003732A /* ContentView.swift */ = {isa = PBXFileReference; lastKnownFileType = sourcecode.swift; path = ContentView.swift; sourceTree = "<group>"; };
		534D46812F0035C70003732A /* Assets.xcassets */ = {isa = PBXFileReference; lastKnownFileType = folder.assetcatalog; path = Assets.xcassets; sourceTree = "<group>"; };
		534D46842F0035C70003732A /* Preview Assets.xcassets */ = {isa = PBXFileReference; lastKnownFileType = folder.assetcatalog; path = "Preview Assets.xcassets"; sourceTree = "<group>"; };
		534D468D2F004AFE0003732A /* FruitCardView.swift */ = {isa = PBXFileReference; lastKnownFileType = sourcecode.swift; path = FruitCardView.swift; sourceTree = "<group>"; };
		534D468F2F0059E70003732A /* StartButtonView.swift */ = {isa = PBXFileReference; lastKnownFileType = sourcecode.swift; path = StartButtonView.swift; sourceTree = "<group>"; };
		534D46912F0065E40003732A /* OnboardingView.swift */ = {isa = PBXFileReference; lastKnownFileType = sourcecode.swift; path = OnboardingView.swift; sourceTree = "<group>"; };
		534D46942F00BE4E0003732A /* FruitModel.swift */ = {isa = PBXFileReference; lastKnownFileType = sourcecode.swift; path = FruitModel.swift; sourceTree = "<group>"; };
		534D46972F00BF1E0003732A /* FruitData.swift */ = {isa = PBXFileReference; lastKnownFileType = sourcecode.swift; path = FruitData.swift; sourceTree = "<group>"; };
/* End PBXFileReference section */

/* Begin PBXFrameworksBuildPhase section */
		534D46772F0035C30003732A /* Frameworks */ = {
			isa = PBXFrameworksBuildPhase;
			buildActionMask = 2147483647;
			files = (
			);
			runOnlyForDeploymentPostprocessing = 0;
		};
/* End PBXFrameworksBuildPhase section */

/* Begin PBXGroup section */
		534D46712F0035C30003732A = {
			isa = PBXGroup;
			children = (
				534D467C2F0035C30003732A /* FructusApp */,
				534D467B2F0035C30003732A /* Products */,
			);
			sourceTree = "<group>";
		};
		534D467B2F0035C30003732A /* Products */ = {
			isa = PBXGroup;
			children = (
				534D467A2F0035C30003732A /* FructusApp.app */,
			);
			name = Products;
			sourceTree = "<group>";
		};
		534D467C2F0035C30003732A /* FructusApp */ = {
			isa = PBXGroup;
			children = (
				534D46962F00BEF80003732A /* Data */,
				534D46932F00BE280003732A /* Model */,
				534D468C2F004AD10003732A /* View */,
				534D468B2F004AA90003732A /* App */,
				534D46812F0035C70003732A /* Assets.xcassets */,
				534D46832F0035C70003732A /* Preview Content */,
			);
			path = FructusApp;
			sourceTree = "<group>";
		};
		534D46832F0035C70003732A /* Preview Content */ = {
			isa = PBXGroup;
			children = (
				534D46842F0035C70003732A /* Preview Assets.xcassets */,
			);
			path = "Preview Content";
			sourceTree = "<group>";
		};
		534D468B2F004AA90003732A /* App */ = {
			isa = PBXGroup;
			children = (
				534D467D2F0035C30003732A /* FructusAppApp.swift */,
				534D467F2F0035C30003732A /* ContentView.swift */,
				534D46912F0065E40003732A /* OnboardingView.swift */,
			);
			path = App;
			sourceTree = "<group>";
		};
		534D468C2F004AD10003732A /* View */ = {
			isa = PBXGroup;
			children = (
				534D468D2F004AFE0003732A /* FruitCardView.swift */,
				534D468F2F0059E70003732A /* StartButtonView.swift */,
			);
			path = View;
			sourceTree = "<group>";
		};
		534D46932F00BE280003732A /* Model */ = {
			isa = PBXGroup;
			children = (
				534D46942F00BE4E0003732A /* FruitModel.swift */,
			);
			path = Model;
			sourceTree = "<group>";
		};
		534D46962F00BEF80003732A /* Data */ = {
			isa = PBXGroup;
			children = (
				534D46972F00BF1E0003732A /* FruitData.swift */,
			);
			path = Data;
			sourceTree = "<group>";
		};
/* End PBXGroup section */

/* Begin PBXNativeTarget section */
		534D46792F0035C30003732A /* FructusApp */ = {
			isa = PBXNativeTarget;
			buildConfigurationList = 534D46882F0035C70003732A /* Build configuration list for PBXNativeTarget "FructusApp" */;
			buildPhases = (
				534D46762F0035C30003732A /* Sources */,
				534D46772F0035C30003732A /* Frameworks */,
				534D46782F0035C30003732A /* Resources */,
			);
			buildRules = (
			);
			dependencies = (
			);
			name = FructusApp;
			productName = FructusApp;
			productReference = 534D467A2F0035C30003732A /* FructusApp.app */;
			productType = "com.apple.product-type.application";
		};
/* End PBXNativeTarget section */

/* Begin PBXProject section */
		534D46722F0035C30003732A /* Project object */ = {
			isa = PBXProject;
			attributes = {
				BuildIndependentTargetsInParallel = 1;
				LastSwiftUpdateCheck = 1510;
				LastUpgradeCheck = 1510;
				TargetAttributes = {
					534D46792F0035C30003732A = {
						CreatedOnToolsVersion = 15.1;
					};
				};
			};
			buildConfigurationList = 534D46752F0035C30003732A /* Build configuration list for PBXProject "FructusApp" */;
			compatibilityVersion = "Xcode 14.0";
			developmentRegion = en;
			hasScannedForEncodings = 0;
			knownRegions = (
				en,
				Base,
			);
			mainGroup = 534D46712F0035C30003732A;
			productRefGroup = 534D467B2F0035C30003732A /* Products */;
			projectDirPath = "";
			projectRoot = "";
			targets = (
				534D46792F0035C30003732A /* FructusApp */,
			);
		};
/* End PBXProject section */

/* Begin PBXResourcesBuildPhase section */
		534D46782F0035C30003732A /* Resources */ = {
			isa = PBXResourcesBuildPhase;
			buildActionMask = 2147483647;
			files = (
				534D46852F0035C70003732A /* Preview Assets.xcassets in Resources */,
				534D46822F0035C70003732A /* Assets.xcassets in Resources */,
			);
			runOnlyForDeploymentPostprocessing = 0;
		};
/* End PBXResourcesBuildPhase section */

/* Begin PBXSourcesBuildPhase section */
		534D46762F0035C30003732A /* Sources */ = {
			isa = PBXSourcesBuildPhase;
			buildActionMask = 2147483647;
			files = (
				534D46982F00BF1E0003732A /* FruitData.swift in Sources */,
				534D468E2F004AFE0003732A /* FruitCardView.swift in Sources */,
				534D46902F0059E70003732A /* StartButtonView.swift in Sources */,
				534D46802F0035C30003732A /* ContentView.swift in Sources */,
				534D46922F0065E40003732A /* OnboardingView.swift in Sources */,
				534D46952F00BE4E0003732A /* FruitModel.swift in Sources */,
				534D467E2F0035C30003732A /* FructusAppApp.swift in Sources */,
			);
			runOnlyForDeploymentPostprocessing = 0;
		};
/* End PBXSourcesBuildPhase section */

/* Begin XCBuildConfiguration section */
		534D46862F0035C70003732A /* Debug */ = {
			isa = XCBuildConfiguration;
			buildSettings = {
				ALWAYS_SEARCH_USER_PATHS = NO;
				ASSETCATALOG_COMPILER_GENERATE_SWIFT_ASSET_SYMBOL_EXTENSIONS = YES;
				CLANG_ANALYZER_NONNULL = YES;
				CLANG_ANALYZER_NUMBER_OBJECT_CONVERSION = YES_AGGRESSIVE;
				CLANG_CXX_LANGUAGE_STANDARD = "gnu++20";
				CLANG_ENABLE_MODULES = YES;
				CLANG_ENABLE_OBJC_ARC = YES;
				CLANG_ENABLE_OBJC_WEAK = YES;
				CLANG_WARN_BLOCK_CAPTURE_AUTORELEASING = YES;
				CLANG_WARN_BOOL_CONVERSION = YES;
				CLANG_WARN_COMMA = YES;
				CLANG_WARN_CONSTANT_CONVERSION = YES;
				CLANG_WARN_DEPRECATED_OBJC_IMPLEMENTATIONS = YES;
				CLANG_WARN_DIRECT_OBJC_ISA_USAGE = YES_ERROR;
				CLANG_WARN_DOCUMENTATION_COMMENTS = YES;
				CLANG_WARN_EMPTY_BODY = YES;
				CLANG_WARN_ENUM_CONVERSION = YES;
				CLANG_WARN_INFINITE_RECURSION = YES;
				CLANG_WARN_INT_CONVERSION = YES;
				CLANG_WARN_NON_LITERAL_NULL_CONVERSION = YES;
				CLANG_WARN_OBJC_IMPLICIT_RETAIN_SELF = YES;
				CLANG_WARN_OBJC_LITERAL_CONVERSION = YES;
				CLANG_WARN_OBJC_ROOT_CLASS = YES_ERROR;
				CLANG_WARN_QUOTED_INCLUDE_IN_FRAMEWORK_HEADER = YES;
				CLANG_WARN_RANGE_LOOP_ANALYSIS = YES;
				CLANG_WARN_STRICT_PROTOTYPES = YES;
				CLANG_WARN_SUSPICIOUS_MOVE = YES;
				CLANG_WARN_UNGUARDED_AVAILABILITY = YES_AGGRESSIVE;
				CLANG_WARN_UNREACHABLE_CODE = YES;
				CLANG_WARN__DUPLICATE_METHOD_MATCH = YES;
				COPY_PHASE_STRIP = NO;
				DEBUG_INFORMATION_FORMAT = dwarf;
				ENABLE_STRICT_OBJC_MSGSEND = YES;
				ENABLE_TESTABILITY = YES;
				ENABLE_USER_SCRIPT_SANDBOXING = YES;
				GCC_C_LANGUAGE_STANDARD = gnu17;
				GCC_DYNAMIC_NO_PIC = NO;
				GCC_NO_COMMON_BLOCKS = YES;
				GCC_OPTIMIZATION_LEVEL = 0;
				GCC_PREPROCESSOR_DEFINITIONS = (
					"DEBUG=1",
					"$(inherited)",
				);
				GCC_WARN_64_TO_32_BIT_CONVERSION = YES;
				GCC_WARN_ABOUT_RETURN_TYPE = YES_ERROR;
				GCC_WARN_UNDECLARED_SELECTOR = YES;
				GCC_WARN_UNINITIALIZED_AUTOS = YES_AGGRESSIVE;
				GCC_WARN_UNUSED_FUNCTION = YES;
				GCC_WARN_UNUSED_VARIABLE = YES;
				IPHONEOS_DEPLOYMENT_TARGET = 17.2;
				LOCALIZATION_PREFERS_STRING_CATALOGS = YES;
				MTL_ENABLE_DEBUG_INFO = INCLUDE_SOURCE;
				MTL_FAST_MATH = YES;
				ONLY_ACTIVE_ARCH = YES;
				SDKROOT = iphoneos;
				SWIFT_ACTIVE_COMPILATION_CONDITIONS = "DEBUG $(inherited)";
				SWIFT_OPTIMIZATION_LEVEL = "-Onone";
			};
			name = Debug;
		};
		534D46872F0035C70003732A /* Release */ = {
			isa = XCBuildConfiguration;
			buildSettings = {
				ALWAYS_SEARCH_USER_PATHS = NO;
				ASSETCATALOG_COMPILER_GENERATE_SWIFT_ASSET_SYMBOL_EXTENSIONS = YES;
				CLANG_ANALYZER_NONNULL = YES;
				CLANG_ANALYZER_NUMBER_OBJECT_CONVERSION = YES_AGGRESSIVE;
				CLANG_CXX_LANGUAGE_STANDARD = "gnu++20";
				CLANG_ENABLE_MODULES = YES;
				CLANG_ENABLE_OBJC_ARC = YES;
				CLANG_ENABLE_OBJC_WEAK = YES;
				CLANG_WARN_BLOCK_CAPTURE_AUTORELEASING = YES;
				CLANG_WARN_BOOL_CONVERSION = YES;
				CLANG_WARN_COMMA = YES;
				CLANG_WARN_CONSTANT_CONVERSION = YES;
				CLANG_WARN_DEPRECATED_OBJC_IMPLEMENTATIONS = YES;
				CLANG_WARN_DIRECT_OBJC_ISA_USAGE = YES_ERROR;
				CLANG_WARN_DOCUMENTATION_COMMENTS = YES;
				CLANG_WARN_EMPTY_BODY = YES;
				CLANG_WARN_ENUM_CONVERSION = YES;
				CLANG_WARN_INFINITE_RECURSION = YES;
				CLANG_WARN_INT_CONVERSION = YES;
				CLANG_WARN_NON_LITERAL_NULL_CONVERSION = YES;
				CLANG_WARN_OBJC_IMPLICIT_RETAIN_SELF = YES;
				CLANG_WARN_OBJC_LITERAL_CONVERSION = YES;
				CLANG_WARN_OBJC_ROOT_CLASS = YES_ERROR;
				CLANG_WARN_QUOTED_INCLUDE_IN_FRAMEWORK_HEADER = YES;
				CLANG_WARN_RANGE_LOOP_ANALYSIS = YES;
				CLANG_WARN_STRICT_PROTOTYPES = YES;
				CLANG_WARN_SUSPICIOUS_MOVE = YES;
				CLANG_WARN_UNGUARDED_AVAILABILITY = YES_AGGRESSIVE;
				CLANG_WARN_UNREACHABLE_CODE = YES;
				CLANG_WARN__DUPLICATE_METHOD_MATCH = YES;
				COPY_PHASE_STRIP = NO;
				DEBUG_INFORMATION_FORMAT = "dwarf-with-dsym";
				ENABLE_NS_ASSERTIONS = NO;
				ENABLE_STRICT_OBJC_MSGSEND = YES;
				ENABLE_USER_SCRIPT_SANDBOXING = YES;
				GCC_C_LANGUAGE_STANDARD = gnu17;
				GCC_NO_COMMON_BLOCKS = YES;
				GCC_WARN_64_TO_32_BIT_CONVERSION = YES;
				GCC_WARN_ABOUT_RETURN_TYPE = YES_ERROR;
				GCC_WARN_UNDECLARED_SELECTOR = YES;
				GCC_WARN_UNINITIALIZED_AUTOS = YES_AGGRESSIVE;
				GCC_WARN_UNUSED_FUNCTION = YES;
				GCC_WARN_UNUSED_VARIABLE = YES;
				IPHONEOS_DEPLOYMENT_TARGET = 17.2;
				LOCALIZATION_PREFERS_STRING_CATALOGS = YES;
				MTL_ENABLE_DEBUG_INFO = NO;
				MTL_FAST_MATH = YES;
				SDKROOT = iphoneos;
				SWIFT_COMPILATION_MODE = wholemodule;
				VALIDATE_PRODUCT = YES;
			};
			name = Release;
		};
		534D46892F0035C70003732A /* Debug */ = {
			isa = XCBuildConfiguration;
			buildSettings = {
				ASSETCATALOG_COMPILER_APPICON_NAME = AppIcon;
				ASSETCATALOG_COMPILER_GLOBAL_ACCENT_COLOR_NAME = AccentColor;
				CODE_SIGN_STYLE = Automatic;
				CURRENT_PROJECT_VERSION = 1;
				DEVELOPMENT_ASSET_PATHS = "\"FructusApp/Preview Content\"";
				ENABLE_PREVIEWS = YES;
				GENERATE_INFOPLIST_FILE = YES;
				INFOPLIST_KEY_UIApplicationSceneManifest_Generation = YES;
				INFOPLIST_KEY_UIApplicationSupportsIndirectInputEvents = YES;
				INFOPLIST_KEY_UILaunchScreen_Generation = YES;
				INFOPLIST_KEY_UISupportedInterfaceOrientations = UIInterfaceOrientationPortrait;
				INFOPLIST_KEY_UISupportedInterfaceOrientations_iPad = "UIInterfaceOrientationLandscapeLeft UIInterfaceOrientationLandscapeRight UIInterfaceOrientationPortrait UIInterfaceOrientationPortraitUpsideDown";
				LD_RUNPATH_SEARCH_PATHS = (
					"$(inherited)",
					"@executable_path/Frameworks",
				);
				MARKETING_VERSION = 1.0;
				PRODUCT_BUNDLE_IDENTIFIER = "com.sepideh-aph.FructusApp";
				PRODUCT_NAME = "$(TARGET_NAME)";
				SWIFT_EMIT_LOC_STRINGS = YES;
				SWIFT_VERSION = 5.0;
				TARGETED_DEVICE_FAMILY = "1,2";
			};
			name = Debug;
		};
		534D468A2F0035C70003732A /* Release */ = {
			isa = XCBuildConfiguration;
			buildSettings = {
				ASSETCATALOG_COMPILER_APPICON_NAME = AppIcon;
				ASSETCATALOG_COMPILER_GLOBAL_ACCENT_COLOR_NAME = AccentColor;
				CODE_SIGN_STYLE = Automatic;
				CURRENT_PROJECT_VERSION = 1;
				DEVELOPMENT_ASSET_PATHS = "\"FructusApp/Preview Content\"";
				ENABLE_PREVIEWS = YES;
				GENERATE_INFOPLIST_FILE = YES;
				INFOPLIST_KEY_UIApplicationSceneManifest_Generation = YES;
				INFOPLIST_KEY_UIApplicationSupportsIndirectInputEvents = YES;
				INFOPLIST_KEY_UILaunchScreen_Generation = YES;
				INFOPLIST_KEY_UISupportedInterfaceOrientations = UIInterfaceOrientationPortrait;
				INFOPLIST_KEY_UISupportedInterfaceOrientations_iPad = "UIInterfaceOrientationLandscapeLeft UIInterfaceOrientationLandscapeRight UIInterfaceOrientationPortrait UIInterfaceOrientationPortraitUpsideDown";
				LD_RUNPATH_SEARCH_PATHS = (
					"$(inherited)",
					"@executable_path/Frameworks",
				);
				MARKETING_VERSION = 1.0;
				PRODUCT_BUNDLE_IDENTIFIER = "com.sepideh-aph.FructusApp";
				PRODUCT_NAME = "$(TARGET_NAME)";
				SWIFT_EMIT_LOC_STRINGS = YES;
				SWIFT_VERSION = 5.0;
				TARGETED_DEVICE_FAMILY = "1,2";
			};
			name = Release;
		};
/* End XCBuildConfiguration section */

/* Begin XCConfigurationList section */
		534D46752F0035C30003732A /* Build configuration list for PBXProject "FructusApp" */ = {
			isa = XCConfigurationList;
			buildConfigurations = (
				534D46862F0035C70003732A /* Debug */,
				534D46872F0035C70003732A /* Release */,
			);
			defaultConfigurationIsVisible = 0;
			defaultConfigurationName = Release;
		};
		534D46882F0035C70003732A /* Build configuration list for PBXNativeTarget "FructusApp" */ = {
			isa = XCConfigurationList;
			buildConfigurations = (
				534D46892F0035C70003732A /* Debug */,
				534D468A2F0035C70003732A /* Release */,
			);
			defaultConfigurationIsVisible = 0;
			defaultConfigurationName = Release;
		};
/* End XCConfigurationList section */
	};
	rootObject = 534D46722F0035C30003732A /* Project object */;
}
